{
  "version": 2,
  "dependencies": {
    "net8.0": {
      "BlazorInputFile": {
        "type": "Direct",
        "requested": "[0.2.0, )",
        "resolved": "0.2.0",
        "contentHash": "wsPTwoA9fkHOxjEh0W0brNeTaVBaMCFwfBLehbRhfW+RzlIrYtlJ5qFpT5f377Ej6ELk+xeoUrkDBx9c8JF7DQ==",
        "dependencies": {
          "Microsoft.AspNetCore.Components": "3.1.0-preview3.19555.2",
          "Microsoft.AspNetCore.Components.Web": "3.1.0-preview3.19555.2"
        }
      },
      "FluentValidation": {
        "type": "Direct",
        "requested": "[11.9.0, )",
        "resolved": "11.9.0",
        "contentHash": "VneVlTvwYDkfHV5av3QrQ0amALgrLX6LV94wlYyEsh0B/klJBW7C8y2eAtj5tOZ3jH6CAVpr4s1ZGgew/QWyig=="
      },
      "Microsoft.AspNetCore.Authorization": {
        "type": "Transitive",
        "resolved": "3.1.0-preview3.19555.2",
        "contentHash": "JrmvhOpcE6hxmxmcKKzjAg3YyiZVi5eKlflIz5j5BLD5oZHtFfejdY0jDgpMbqhGy+r0bqeNm+b4VZY1oej/og==",
        "dependencies": {
          "Microsoft.AspNetCore.Metadata": "3.1.0-preview3.19555.2",
          "Microsoft.Extensions.Logging.Abstractions": "3.1.0-preview3.19553.2",
          "Microsoft.Extensions.Options": "3.1.0-preview3.19553.2"
        }
      },
      "Microsoft.AspNetCore.Components": {
        "type": "Transitive",
        "resolved": "3.1.0-preview3.19555.2",
        "contentHash": "fB0PTO5Tt6ln6t7wWdUQx7cyF2MY3BllRKdY59k0618fj+vimfOGEyCcq94ulgVY4X6RH3woveiceT91RmPW7A==",
        "dependencies": {
          "Microsoft.AspNetCore.Authorization": "3.1.0-preview3.19555.2",
          "Microsoft.AspNetCore.Components.Analyzers": "3.1.0-preview3.19555.2",
          "Microsoft.JSInterop": "3.1.0-preview3.19553.2"
        }
      },
      "Microsoft.AspNetCore.Components.Analyzers": {
        "type": "Transitive",
        "resolved": "3.1.0-preview3.19555.2",
        "contentHash": "hIcOTPxlwJM14IDW6wXJhOZ9kRB+e15VJbyKAontr5Z+/D2gf2d6JX5CJhAZxUslOn4EOkf2sdbEa+La+PsY9w=="
      },
      "Microsoft.AspNetCore.Components.Forms": {
        "type": "Transitive",
        "resolved": "3.1.0-preview3.19555.2",
        "contentHash": "on1TGRqpoKRO41f2GFF2jp/gFWNk3p/cjVIp6g7m5lJ6NPxrT9G40dVd6Q7yUKgjJl6MfLxYcK2sAOVknQcf8w==",
        "dependencies": {
          "Microsoft.AspNetCore.Components": "3.1.0-preview3.19555.2"
        }
      },
      "Microsoft.AspNetCore.Components.Web": {
        "type": "Transitive",
        "resolved": "3.1.0-preview3.19555.2",
        "contentHash": "uC2CyckKfSSUOEW5q+zeuFV7TJfSevRd/w/yQyaWry5QokG3kIwidq+BKWF6b6eRL+Qr5J18JTx2os1M91sQlQ==",
        "dependencies": {
          "Microsoft.AspNetCore.Components": "3.1.0-preview3.19555.2",
          "Microsoft.AspNetCore.Components.Forms": "3.1.0-preview3.19555.2",
          "Microsoft.Extensions.DependencyInjection": "3.1.0-preview3.19553.2",
          "Microsoft.JSInterop": "3.1.0-preview3.19553.2"
        }
      },
      "Microsoft.AspNetCore.Metadata": {
        "type": "Transitive",
        "resolved": "3.1.0-preview3.19555.2",
        "contentHash": "98GqI+bYJpDxzfbu4Rx2JAp2vUnoXRngSVrBvm2+U6g/GnU9xU8C0EMGyUw4WoN5AynVZJscOlwWirZs+zE+sw=="
      },
      "Microsoft.Extensions.DependencyInjection": {
        "type": "Transitive",
        "resolved": "3.1.0-preview3.19553.2",
        "contentHash": "5/EvZCeiUqBKGw+abwiP5q8HxqX0dJBU/Uns3N8bsduVdAtx9kOxbj25patA/k318HC64Ow5NK0yDRwavQinCQ==",
        "dependencies": {
          "Microsoft.Extensions.DependencyInjection.Abstractions": "3.1.0-preview3.19553.2"
        }
      },
      "Microsoft.Extensions.DependencyInjection.Abstractions": {
        "type": "Transitive",
        "resolved": "3.1.0-preview3.19553.2",
        "contentHash": "0k2ez+h/gXlBncLOhAgvVK9updvlmOtWYMxoB5UvO1G/3nLgRuDsUl/08WyglwNBCyRhCslOCkc9zOcFjRjrVg=="
      },
      "Microsoft.Extensions.Logging.Abstractions": {
        "type": "Transitive",
        "resolved": "3.1.0-preview3.19553.2",
        "contentHash": "ucW0E9DOZvYVyFnCD8628Fg0VnTQ3wvFzZ/UBysT3l3++PUPOUzDs6WxIkEL+MiiLWWZspbd1GmAfz2YS3hw5g=="
      },
      "Microsoft.Extensions.Options": {
        "type": "Transitive",
        "resolved": "3.1.0-preview3.19553.2",
        "contentHash": "HL6YxqLM9ME2gBTlTEcBdn6hzzWSVmGtDNbAcj7QEI+lYBNvvqVtXTOAplfL0qnRgYCRbFnO5C4TOilrfd+k6w==",
        "dependencies": {
          "Microsoft.Extensions.DependencyInjection.Abstractions": "3.1.0-preview3.19553.2",
          "Microsoft.Extensions.Primitives": "3.1.0-preview3.19553.2"
        }
      },
      "Microsoft.Extensions.Primitives": {
        "type": "Transitive",
        "resolved": "3.1.0-preview3.19553.2",
        "contentHash": "z+pPgFR+itvNxX/wYpC5Ffzyhz2KkGKpBGi7YltQ3GUAO5gz47jxnrg8no6i6mnLPb17n8t0t1nyUfccYCwXtA=="
      },
      "Microsoft.JSInterop": {
        "type": "Transitive",
        "resolved": "3.1.0-preview3.19553.2",
        "contentHash": "zKD7Rkln28oHN9fij0oY1P8Iz5vgWXkl/wkHBgBkBFKeevWb2Kz9fZ1pdJxXFF+kf5UsrFpqtO8CT+WA1W8Y+A=="
      }
    }
  }
}